// !$*UTF8*$!
{
	archiveVersion = 1;
	classes = {
	};
	objectVersion = 46;
	objects = {

/* Begin PBXBuildFile section */
		5A7667F41DFE80FE0001E504 /* AppDelegate.swift in Sources */ = {isa = PBXBuildFile; fileRef = 5A7667F31DFE80FE0001E504 /* AppDelegate.swift */; };
		5A7667F61DFE80FE0001E504 /* ViewController.swift in Sources */ = {isa = PBXBuildFile; fileRef = 5A7667F51DFE80FE0001E504 /* ViewController.swift */; };
		5A7667F91DFE80FE0001E504 /* Main.storyboard in Resources */ = {isa = PBXBuildFile; fileRef = 5A7667F71DFE80FE0001E504 /* Main.storyboard */; };
		5A7667FB1DFE80FE0001E504 /* Assets.xcassets in Resources */ = {isa = PBXBuildFile; fileRef = 5A7667FA1DFE80FE0001E504 /* Assets.xcassets */; };
		5A7667FE1DFE80FE0001E504 /* LaunchScreen.storyboard in Resources */ = {isa = PBXBuildFile; fileRef = 5A7667FC1DFE80FE0001E504 /* LaunchScreen.storyboard */; };
/* End PBXBuildFile section */

/* Begin PBXFileReference section */
		5A7667F01DFE80FE0001E504 /* P2-A Hands On Exam.app */ = {isa = PBXFileReference; explicitFileType = wrapper.application; includeInIndex = 0; path = "P2-A Hands On Exam.app"; sourceTree = BUILT_PRODUCTS_DIR; };
		5A7667F31DFE80FE0001E504 /* AppDelegate.swift */ = {isa = PBXFileReference; lastKnownFileType = sourcecode.swift; path = AppDelegate.swift; sourceTree = "<group>"; };
		5A7667F51DFE80FE0001E504 /* ViewController.swift */ = {isa = PBXFileReference; lastKnownFileType = sourcecode.swift; path = ViewController.swift; sourceTree = "<group>"; };
		5A7667F81DFE80FE0001E504 /* Base */ = {isa = PBXFileReference; lastKnownFileType = file.storyboard; name = Base; path = Base.lproj/Main.storyboard; sourceTree = "<group>"; };
		5A7667FA1DFE80FE0001E504 /* Assets.xcassets */ = {isa = PBXFileReference; lastKnownFileType = folder.assetcatalog; path = Assets.xcassets; sourceTree = "<group>"; };
		5A7667FD1DFE80FE0001E504 /* Base */ = {isa = PBXFileReference; lastKnownFileType = file.storyboard; name = Base; path = Base.lproj/LaunchScreen.storyboard; sourceTree = "<group>"; };
		5A7667FF1DFE80FE0001E504 /* Info.plist */ = {isa = PBXFileReference; lastKnownFileType = text.plist.xml; path = Info.plist; sourceTree = "<group>"; };
/* End PBXFileReference section */

/* Begin PBXFrameworksBuildPhase section */
		5A7667ED1DFE80FE0001E504 /* Frameworks */ = {
			isa = PBXFrameworksBuildPhase;
			buildActionMask = 2147483647;
			files = (
			);
			runOnlyForDeploymentPostprocessing = 0;
		};
/* End PBXFrameworksBuildPhase section */

/* Begin PBXGroup section */
		5A7667E71DFE80FE0001E504 = {
			isa = PBXGroup;
			children = (
				5A7667F21DFE80FE0001E504 /* P2-A Hands On Exam */,
				5A7667F11DFE80FE0001E504 /* Products */,
			);
			sourceTree = "<group>";
		};
		5A7667F11DFE80FE0001E504 /* Products */ = {
			isa = PBXGroup;
			children = (
				5A7667F01DFE80FE0001E504 /* P2-A Hands On Exam.app */,
			);
			name = Products;
			sourceTree = "<group>";
		};
		5A7667F21DFE80FE0001E504 /* P2-A Hands On Exam */ = {
			isa = PBXGroup;
			children = (
				5A7667F31DFE80FE0001E504 /* AppDelegate.swift */,
				5A7667F51DFE80FE0001E504 /* ViewController.swift */,
				5A7667F71DFE80FE0001E504 /* Main.storyboard */,
				5A7667FA1DFE80FE0001E504 /* Assets.xcassets */,
				5A7667FC1DFE80FE0001E504 /* LaunchScreen.storyboard */,
				5A7667FF1DFE80FE0001E504 /* Info.plist */,
			);
			path = "P2-A Hands On Exam";
			sourceTree = "<group>";
		};
/* End PBXGroup section */

/* Begin PBXNativeTarget section */
		5A7667EF1DFE80FE0001E504 /* P2-A Hands On Exam */ = {
			isa = PBXNativeTarget;
			buildConfigurationList = 5A7668021DFE80FE0001E504 /* Build configuration list for PBXNativeTarget "P2-A Hands On Exam" */;
			buildPhases = (
				5A7667EC1DFE80FE0001E504 /* Sources */,
				5A7667ED1DFE80FE0001E504 /* Frameworks */,
				5A7667EE1DFE80FE0001E504 /* Resources */,
			);
			buildRules = (
			);
			dependencies = (
			);
			name = "P2-A Hands On Exam";
			productName = "P2-A Hands On Exam";
			productReference = 5A7667F01DFE80FE0001E504 /* P2-A Hands On Exam.app */;
			productType = "com.apple.product-type.application";
		};
/* End PBXNativeTarget section */

/* Begin PBXProject section */
		5A7667E81DFE80FE0001E504 /* Project object */ = {
			isa = PBXProject;
			attributes = {
				LastSwiftUpdateCheck = 0810;
				LastUpgradeCheck = 0810;
				ORGANIZATIONNAME = "Jamie Rose Aguinaldo";
				TargetAttributes = {
					5A7667EF1DFE80FE0001E504 = {
						CreatedOnToolsVersion = 8.1;
						ProvisioningStyle = Automatic;
					};
				};
			};
			buildConfigurationList = 5A7667EB1DFE80FE0001E504 /* Build configuration list for PBXProject "P2-A Hands On Exam" */;
			compatibilityVersion = "Xcode 3.2";
			developmentRegion = English;
			hasScannedForEncodings = 0;
			knownRegions = (
				en,
				Base,
			);
			mainGroup = 5A7667E71DFE80FE0001E504;
			productRefGroup = 5A7667F11DFE80FE0001E504 /* Products */;
			projectDirPath = "";
			projectRoot = "";
			targets = (
				5A7667EF1DFE80FE0001E504 /* P2-A Hands On Exam */,
			);
		};
/* End PBXProject section */

/* Begin PBXResourcesBuildPhase section */
		5A7667EE1DFE80FE0001E504 /* Resources */ = {
			isa = PBXResourcesBuildPhase;
			buildActionMask = 2147483647;
			files = (
				5A7667FE1DFE80FE0001E504 /* LaunchScreen.storyboard in Resources */,
				5A7667FB1DFE80FE0001E504 /* Assets.xcassets in Resources */,
				5A7667F91DFE80FE0001E504 /* Main.storyboard in Resources */,
			);
			runOnlyForDeploymentPostprocessing = 0;
		};
/* End PBXResourcesBuildPhase section */

/* Begin PBXSourcesBuildPhase section */
		5A7667EC1DFE80FE0001E504 /* Sources */ = {
			isa = PBXSourcesBuildPhase;
			buildActionMask = 2147483647;
			files = (
				5A7667F61DFE80FE0001E504 /* ViewController.swift in Sources */,
				5A7667F41DFE80FE0001E504 /* AppDelegate.swift in Sources */,
			);
			runOnlyForDeploymentPostprocessing = 0;
		};
/* End PBXSourcesBuildPhase section */

/* Begin PBXVariantGroup section */
		5A7667F71DFE80FE0001E504 /* Main.storyboard */ = {
			isa = PBXVariantGroup;
			children = (
				5A7667F81DFE80FE0001E504 /* Base */,
			);
			name = Main.storyboard;
			sourceTree = "<group>";
		};
		5A7667FC1DFE80FE0001E504 /* LaunchScreen.storyboard */ = {
			isa = PBXVariantGroup;
			children = (
				5A7667FD1DFE80FE0001E504 /* Base */,
			);
			name = LaunchScreen.storyboard;
			sourceTree = "<group>";
		};
/* End PBXVariantGroup section */

/* Begin XCBuildConfiguration section */
		5A7668001DFE80FE0001E504 /* Debug */ = {
			isa = XCBuildConfiguration;
			buildSettings = {
				ALWAYS_SEARCH_USER_PATHS = NO;
				CLANG_ANALYZER_NONNULL = YES;
				CLANG_CXX_LANGUAGE_STANDARD = "gnu++0x";
				CLANG_CXX_LIBRARY = "libc++";
				CLANG_ENABLE_MODULES = YES;
				CLANG_ENABLE_OBJC_ARC = YES;
				CLANG_WARN_BOOL_CONVERSION = YES;
				CLANG_WARN_CONSTANT_CONVERSION = YES;
				CLANG_WARN_DIRECT_OBJC_ISA_USAGE = YES_ERROR;
				CLANG_WARN_DOCUMENTATION_COMMENTS = YES;
				CLANG_WARN_EMPTY_BODY = YES;
				CLANG_WARN_ENUM_CONVERSION = YES;
				CLANG_WARN_INFINITE_RECURSION = YES;
				CLANG_WARN_INT_CONVERSION = YES;
				CLANG_WARN_OBJC_ROOT_CLASS = YES_ERROR;
				CLANG_WARN_SUSPICIOUS_MOVES = YES;
				CLANG_WARN_UNREACHABLE_CODE = YES;
				CLANG_WARN__DUPLICATE_METHOD_MATCH = YES;
				"CODE_SIGN_IDENTITY[sdk=iphoneos*]" = "iPhone Developer";
				COPY_PHASE_STRIP = NO;
				DEBUG_INFORMATION_FORMAT = dwarf;
				ENABLE_STRICT_OBJC_MSGSEND = YES;
				ENABLE_TESTABILITY = YES;
				GCC_C_LANGUAGE_STANDARD = gnu99;
				GCC_DYNAMIC_NO_PIC = NO;
				GCC_NO_COMMON_BLOCKS = YES;
				GCC_OPTIMIZATION_LEVEL = 0;
				GCC_PREPROCESSOR_DEFINITIONS = (
					"DEBUG=1",
					"$(inherited)",
				);
				GCC_WARN_64_TO_32_BIT_CONVERSION = YES;
				GCC_WARN_ABOUT_RETURN_TYPE = YES_ERROR;
				GCC_WARN_UNDECLARED_SELECTOR = YES;
				GCC_WARN_UNINITIALIZED_AUTOS = YES_AGGRESSIVE;
				GCC_WARN_UNUSED_FUNCTION = YES;
				GCC_WARN_UNUSED_VARIABLE = YES;
				IPHONEOS_DEPLOYMENT_TARGET = 10.1;
				MTL_ENABLE_DEBUG_INFO = YES;
				ONLY_ACTIVE_ARCH = YES;
				SDKROOT = iphoneos;
				SWIFT_ACTIVE_COMPILATION_CONDITIONS = DEBUG;
				SWIFT_OPTIMIZATION_LEVEL = "-Onone";
				TARGETED_DEVICE_FAMILY = "1,2";
			};
			name = Debug;
		};
		5A7668011DFE80FE0001E504 /* Release */ = {
			isa = XCBuildConfiguration;
			buildSettings = {
				ALWAYS_SEARCH_USER_PATHS = NO;
				CLANG_ANALYZER_NONNULL = YES;
				CLANG_CXX_LANGUAGE_STANDARD = "gnu++0x";
				CLANG_CXX_LIBRARY = "libc++";
				CLANG_ENABLE_MODULES = YES;
				CLANG_ENABLE_OBJC_ARC = YES;
				CLANG_WARN_BOOL_CONVERSION = YES;
				CLANG_WARN_CONSTANT_CONVERSION = YES;
				CLANG_WARN_DIRECT_OBJC_ISA_USAGE = YES_ERROR;
				CLANG_WARN_DOCUMENTATION_COMMENTS = YES;
				CLANG_WARN_EMPTY_BODY = YES;
				CLANG_WARN_ENUM_CONVERSION = YES;
				CLANG_WARN_INFINITE_RECURSION = YES;
				CLANG_WARN_INT_CONVERSION = YES;
				CLANG_WARN_OBJC_ROOT_CLASS = YES_ERROR;
				CLANG_WARN_SUSPICIOUS_MOVES = YES;
				CLANG_WARN_UNREACHABLE_CODE = YES;
				CLANG_WARN__DUPLICATE_METHOD_MATCH = YES;
				"CODE_SIGN_IDENTITY[sdk=iphoneos*]" = "iPhone Developer";
				COPY_PHASE_STRIP = NO;
				DEBUG_INFORMATION_FORMAT = "dwarf-with-dsym";
				ENABLE_NS_ASSERTIONS = NO;
				ENABLE_STRICT_OBJC_MSGSEND = YES;
				GCC_C_LANGUAGE_STANDARD = gnu99;
				GCC_NO_COMMON_BLOCKS = YES;
				GCC_WARN_64_TO_32_BIT_CONVERSION = YES;
				GCC_WARN_ABOUT_RETURN_TYPE = YES_ERROR;
				GCC_WARN_UNDECLARED_SELECTOR = YES;
				GCC_WARN_UNINITIALIZED_AUTOS = YES_AGGRESSIVE;
				GCC_WARN_UNUSED_FUNCTION = YES;
				GCC_WARN_UNUSED_VARIABLE = YES;
				IPHONEOS_DEPLOYMENT_TARGET = 10.1;
				MTL_ENABLE_DEBUG_INFO = NO;
				SDKROOT = iphoneos;
				SWIFT_OPTIMIZATION_LEVEL = "-Owholemodule";
				TARGETED_DEVICE_FAMILY = "1,2";
				VALIDATE_PRODUCT = YES;
			};
			name = Release;
		};
		5A7668031DFE80FE0001E504 /* Debug */ = {
			isa = XCBuildConfiguration;
			buildSettings = {
				ASSETCATALOG_COMPILER_APPICON_NAME = AppIcon;
				INFOPLIST_FILE = "P2-A Hands On Exam/Info.plist";
				LD_RUNPATH_SEARCH_PATHS = "$(inherited) @executable_path/Frameworks";
				PRODUCT_BUNDLE_IDENTIFIER = "up.phinma.edu.ph.P2-A-Hands-On-Exam";
				PRODUCT_NAME = "$(TARGET_NAME)";
				SWIFT_VERSION = 3.0;
			};
			name = Debug;
		};
		5A7668041DFE80FE0001E504 /* Release */ = {
			isa = XCBuildConfiguration;
			buildSettings = {
				ASSETCATALOG_COMPILER_APPICON_NAME = AppIcon;
				INFOPLIST_FILE = "P2-A Hands On Exam/Info.plist";
				LD_RUNPATH_SEARCH_PATHS = "$(inherited) @executable_path/Frameworks";
				PRODUCT_BUNDLE_IDENTIFIER = "up.phinma.edu.ph.P2-A-Hands-On-Exam";
				PRODUCT_NAME = "$(TARGET_NAME)";
				SWIFT_VERSION = 3.0;
			};
			name = Release;
		};
/* End XCBuildConfiguration section */

/* Begin XCConfigurationList section */
		5A7667EB1DFE80FE0001E504 /* Build configuration list for PBXProject "P2-A Hands On Exam" */ = {
			isa = XCConfigurationList;
			buildConfigurations = (
				5A7668001DFE80FE0001E504 /* Debug */,
				5A7668011DFE80FE0001E504 /* Release */,
			);
			defaultConfigurationIsVisible = 0;
			defaultConfigurationName = Release;
		};
		5A7668021DFE80FE0001E504 /* Build configuration list for PBXNativeTarget "P2-A Hands On Exam" */ = {
			isa = XCConfigurationList;
			buildConfigurations = (
				5A7668031DFE80FE0001E504 /* Debug */,
				5A7668041DFE80FE0001E504 /* Release */,
			);
			defaultConfigurationIsVisible = 0;
		};
/* End XCConfigurationList section */
	};
	rootObject = 5A7667E81DFE80FE0001E504 /* Project object */;
}
